
Microsoft Visual Studio Solution File, Format Version 12.00
# Visual Studio Version 16
VisualStudioVersion = 16.0.31220.234
MinimumVisualStudioVersion = 10.0.40219.1
Project("{9A19103F-16F7-4668-BE54-9A1E7A4F7556}") = "KayakTrack", "KayakTrack\KayakTrack.csproj", "{9AC561F5-EC67-4D83-BE06-CFCFBB5C5B03}"
EndProject
Project("{9A19103F-16F7-4668-BE54-9A1E7A4F7556}") = "KayakTrack.WinUI", "KayakTrack.WinUI\KayakTrack.WinUI.csproj", "{CAB5D957-BE42-4EB3-9DC6-67F0DBAA5E18}"
EndProject
Global
	GlobalSection(SolutionConfigurationPlatforms) = preSolution
		Debug|Any CPU = Debug|Any CPU
		Release|Any CPU = Release|Any CPU
	EndGlobalSection
	GlobalSection(ProjectConfigurationPlatforms) = postSolution
		{9AC561F5-EC67-4D83-BE06-CFCFBB5C5B03}.Debug|Any CPU.ActiveCfg = Debug|Any CPU
		{9AC561F5-EC67-4D83-BE06-CFCFBB5C5B03}.Debug|Any CPU.Build.0 = Debug|Any CPU
		{9AC561F5-EC67-4D83-BE06-CFCFBB5C5B03}.Debug|Any CPU.Deploy.0 = Debug|Any CPU
		{9AC561F5-EC67-4D83-BE06-CFCFBB5C5B03}.Release|Any CPU.ActiveCfg = Release|Any CPU
		{9AC561F5-EC67-4D83-BE06-CFCFBB5C5B03}.Release|Any CPU.Build.0 = Release|Any CPU
		{9AC561F5-EC67-4D83-BE06-CFCFBB5C5B03}.Release|Any CPU.Deploy.0 = Release|Any CPU
		{CAB5D957-BE42-4EB3-9DC6-67F0DBAA5E18}.Debug|Any CPU.ActiveCfg = Debug|Any CPU
		{CAB5D957-BE42-4EB3-9DC6-67F0DBAA5E18}.Debug|Any CPU.Build.0 = Debug|Any CPU
		{CAB5D957-BE42-4EB3-9DC6-67F0DBAA5E18}.Debug|Any CPU.Deploy.0 = Debug|Any CPU
		{CAB5D957-BE42-4EB3-9DC6-67F0DBAA5E18}.Release|Any CPU.ActiveCfg = Release|Any CPU
		{CAB5D957-BE42-4EB3-9DC6-67F0DBAA5E18}.Release|Any CPU.Build.0 = Release|Any CPU
		{CAB5D957-BE42-4EB3-9DC6-67F0DBAA5E18}.Release|Any CPU.Deploy.0 = Release|Any CPU
	EndGlobalSection
	GlobalSection(SolutionProperties) = preSolution
		HideSolutionNode = FALSE
	EndGlobalSection
	GlobalSection(ExtensibilityGlobals) = postSolution
		SolutionGuid = {61F7FB11-1E47-470C-91E2-47F8143E1572}
	EndGlobalSection
EndGlobal
